// !$*UTF8*$!
{
	archiveVersion = 1;
	classes = {
	};
	objectVersion = 56;
	objects = {

/* Begin PBXBuildFile section */
		D95D712B2B6125A700E21283 /* LoginPage.swift in Sources */ = {isa = PBXBuildFile; fileRef = D95D712A2B6125A700E21283 /* LoginPage.swift */; };
		D9BC93ED2B6170450083B930 /* model.swift in Sources */ = {isa = PBXBuildFile; fileRef = D9BC93EC2B6170450083B930 /* model.swift */; };
		D9BC93F02B6170930083B930 /* login.swift in Sources */ = {isa = PBXBuildFile; fileRef = D9BC93EF2B6170930083B930 /* login.swift */; };
		D9DDCB172B5F8FFF00310FA7 /* UChatApp.swift in Sources */ = {isa = PBXBuildFile; fileRef = D9DDCB162B5F8FFF00310FA7 /* UChatApp.swift */; };
		D9DDCB192B5F8FFF00310FA7 /* ContentView.swift in Sources */ = {isa = PBXBuildFile; fileRef = D9DDCB182B5F8FFF00310FA7 /* ContentView.swift */; };
		D9DDCB1B2B5F8FFF00310FA7 /* Item.swift in Sources */ = {isa = PBXBuildFile; fileRef = D9DDCB1A2B5F8FFF00310FA7 /* Item.swift */; };
		D9DDCB1D2B5F900100310FA7 /* Assets.xcassets in Resources */ = {isa = PBXBuildFile; fileRef = D9DDCB1C2B5F900100310FA7 /* Assets.xcassets */; };
		D9DDCB202B5F900100310FA7 /* Preview Assets.xcassets in Resources */ = {isa = PBXBuildFile; fileRef = D9DDCB1F2B5F900100310FA7 /* Preview Assets.xcassets */; };
		D9DDCB2A2B5F900100310FA7 /* UChatTests.swift in Sources */ = {isa = PBXBuildFile; fileRef = D9DDCB292B5F900100310FA7 /* UChatTests.swift */; };
		D9DDCB342B5F900100310FA7 /* UChatUITests.swift in Sources */ = {isa = PBXBuildFile; fileRef = D9DDCB332B5F900100310FA7 /* UChatUITests.swift */; };
		D9DDCB362B5F900100310FA7 /* UChatUITestsLaunchTests.swift in Sources */ = {isa = PBXBuildFile; fileRef = D9DDCB352B5F900100310FA7 /* UChatUITestsLaunchTests.swift */; };
/* End PBXBuildFile section */

/* Begin PBXContainerItemProxy section */
		D9DDCB262B5F900100310FA7 /* PBXContainerItemProxy */ = {
			isa = PBXContainerItemProxy;
			containerPortal = D9DDCB0B2B5F8FFF00310FA7 /* Project object */;
			proxyType = 1;
			remoteGlobalIDString = D9DDCB122B5F8FFF00310FA7;
			remoteInfo = UChat;
		};
		D9DDCB302B5F900100310FA7 /* PBXContainerItemProxy */ = {
			isa = PBXContainerItemProxy;
			containerPortal = D9DDCB0B2B5F8FFF00310FA7 /* Project object */;
			proxyType = 1;
			remoteGlobalIDString = D9DDCB122B5F8FFF00310FA7;
			remoteInfo = UChat;
		};
/* End PBXContainerItemProxy section */

/* Begin PBXFileReference section */
		D95D712A2B6125A700E21283 /* LoginPage.swift */ = {isa = PBXFileReference; lastKnownFileType = sourcecode.swift; path = LoginPage.swift; sourceTree = "<group>"; };
		D9BC93EC2B6170450083B930 /* model.swift */ = {isa = PBXFileReference; lastKnownFileType = sourcecode.swift; path = model.swift; sourceTree = "<group>"; };
		D9BC93EF2B6170930083B930 /* login.swift */ = {isa = PBXFileReference; lastKnownFileType = sourcecode.swift; path = login.swift; sourceTree = "<group>"; };
		D9DDCB132B5F8FFF00310FA7 /* UChat.app */ = {isa = PBXFileReference; explicitFileType = wrapper.application; includeInIndex = 0; path = UChat.app; sourceTree = BUILT_PRODUCTS_DIR; };
		D9DDCB162B5F8FFF00310FA7 /* UChatApp.swift */ = {isa = PBXFileReference; lastKnownFileType = sourcecode.swift; path = UChatApp.swift; sourceTree = "<group>"; };
		D9DDCB182B5F8FFF00310FA7 /* ContentView.swift */ = {isa = PBXFileReference; lastKnownFileType = sourcecode.swift; path = ContentView.swift; sourceTree = "<group>"; };
		D9DDCB1A2B5F8FFF00310FA7 /* Item.swift */ = {isa = PBXFileReference; lastKnownFileType = sourcecode.swift; path = Item.swift; sourceTree = "<group>"; };
		D9DDCB1C2B5F900100310FA7 /* Assets.xcassets */ = {isa = PBXFileReference; lastKnownFileType = folder.assetcatalog; path = Assets.xcassets; sourceTree = "<group>"; };
		D9DDCB1F2B5F900100310FA7 /* Preview Assets.xcassets */ = {isa = PBXFileReference; lastKnownFileType = folder.assetcatalog; path = "Preview Assets.xcassets"; sourceTree = "<group>"; };
		D9DDCB252B5F900100310FA7 /* UChatTests.xctest */ = {isa = PBXFileReference; explicitFileType = wrapper.cfbundle; includeInIndex = 0; path = UChatTests.xctest; sourceTree = BUILT_PRODUCTS_DIR; };
		D9DDCB292B5F900100310FA7 /* UChatTests.swift */ = {isa = PBXFileReference; lastKnownFileType = sourcecode.swift; path = UChatTests.swift; sourceTree = "<group>"; };
		D9DDCB2F2B5F900100310FA7 /* UChatUITests.xctest */ = {isa = PBXFileReference; explicitFileType = wrapper.cfbundle; includeInIndex = 0; path = UChatUITests.xctest; sourceTree = BUILT_PRODUCTS_DIR; };
		D9DDCB332B5F900100310FA7 /* UChatUITests.swift */ = {isa = PBXFileReference; lastKnownFileType = sourcecode.swift; path = UChatUITests.swift; sourceTree = "<group>"; };
		D9DDCB352B5F900100310FA7 /* UChatUITestsLaunchTests.swift */ = {isa = PBXFileReference; lastKnownFileType = sourcecode.swift; path = UChatUITestsLaunchTests.swift; sourceTree = "<group>"; };
/* End PBXFileReference section */

/* Begin PBXFrameworksBuildPhase section */
		D9DDCB102B5F8FFF00310FA7 /* Frameworks */ = {
			isa = PBXFrameworksBuildPhase;
			buildActionMask = 2147483647;
			files = (
			);
			runOnlyForDeploymentPostprocessing = 0;
		};
		D9DDCB222B5F900100310FA7 /* Frameworks */ = {
			isa = PBXFrameworksBuildPhase;
			buildActionMask = 2147483647;
			files = (
			);
			runOnlyForDeploymentPostprocessing = 0;
		};
		D9DDCB2C2B5F900100310FA7 /* Frameworks */ = {
			isa = PBXFrameworksBuildPhase;
			buildActionMask = 2147483647;
			files = (
			);
			runOnlyForDeploymentPostprocessing = 0;
		};
/* End PBXFrameworksBuildPhase section */

/* Begin PBXGroup section */
		D9BC93EB2B61702F0083B930 /* models */ = {
			isa = PBXGroup;
			children = (
				D9BC93EC2B6170450083B930 /* model.swift */,
			);
			path = models;
			sourceTree = "<group>";
		};
		D9BC93EE2B61707C0083B930 /* function */ = {
			isa = PBXGroup;
			children = (
				D9BC93EF2B6170930083B930 /* login.swift */,
			);
			path = function;
			sourceTree = "<group>";
		};
		D9DDCB0A2B5F8FFF00310FA7 = {
			isa = PBXGroup;
			children = (
				D9DDCB152B5F8FFF00310FA7 /* UChat */,
				D9DDCB282B5F900100310FA7 /* UChatTests */,
				D9DDCB322B5F900100310FA7 /* UChatUITests */,
				D9DDCB142B5F8FFF00310FA7 /* Products */,
			);
			sourceTree = "<group>";
		};
		D9DDCB142B5F8FFF00310FA7 /* Products */ = {
			isa = PBXGroup;
			children = (
				D9DDCB132B5F8FFF00310FA7 /* UChat.app */,
				D9DDCB252B5F900100310FA7 /* UChatTests.xctest */,
				D9DDCB2F2B5F900100310FA7 /* UChatUITests.xctest */,
			);
			name = Products;
			sourceTree = "<group>";
		};
		D9DDCB152B5F8FFF00310FA7 /* UChat */ = {
			isa = PBXGroup;
			children = (
				D9BC93EE2B61707C0083B930 /* function */,
				D9BC93EB2B61702F0083B930 /* models */,
				D9DDCB162B5F8FFF00310FA7 /* UChatApp.swift */,
				D9DDCB182B5F8FFF00310FA7 /* ContentView.swift */,
				D9DDCB1A2B5F8FFF00310FA7 /* Item.swift */,
				D9DDCB1C2B5F900100310FA7 /* Assets.xcassets */,
				D9DDCB1E2B5F900100310FA7 /* Preview Content */,
				D95D712A2B6125A700E21283 /* LoginPage.swift */,
			);
			path = UChat;
			sourceTree = "<group>";
		};
		D9DDCB1E2B5F900100310FA7 /* Preview Content */ = {
			isa = PBXGroup;
			children = (
				D9DDCB1F2B5F900100310FA7 /* Preview Assets.xcassets */,
			);
			path = "Preview Content";
			sourceTree = "<group>";
		};
		D9DDCB282B5F900100310FA7 /* UChatTests */ = {
			isa = PBXGroup;
			children = (
				D9DDCB292B5F900100310FA7 /* UChatTests.swift */,
			);
			path = UChatTests;
			sourceTree = "<group>";
		};
		D9DDCB322B5F900100310FA7 /* UChatUITests */ = {
			isa = PBXGroup;
			children = (
				D9DDCB332B5F900100310FA7 /* UChatUITests.swift */,
				D9DDCB352B5F900100310FA7 /* UChatUITestsLaunchTests.swift */,
			);
			path = UChatUITests;
			sourceTree = "<group>";
		};
/* End PBXGroup section */

/* Begin PBXNativeTarget section */
		D9DDCB122B5F8FFF00310FA7 /* UChat */ = {
			isa = PBXNativeTarget;
			buildConfigurationList = D9DDCB392B5F900100310FA7 /* Build configuration list for PBXNativeTarget "UChat" */;
			buildPhases = (
				D9DDCB0F2B5F8FFF00310FA7 /* Sources */,
				D9DDCB102B5F8FFF00310FA7 /* Frameworks */,
				D9DDCB112B5F8FFF00310FA7 /* Resources */,
			);
			buildRules = (
			);
			dependencies = (
			);
			name = UChat;
			productName = UChat;
			productReference = D9DDCB132B5F8FFF00310FA7 /* UChat.app */;
			productType = "com.apple.product-type.application";
		};
		D9DDCB242B5F900100310FA7 /* UChatTests */ = {
			isa = PBXNativeTarget;
			buildConfigurationList = D9DDCB3C2B5F900100310FA7 /* Build configuration list for PBXNativeTarget "UChatTests" */;
			buildPhases = (
				D9DDCB212B5F900100310FA7 /* Sources */,
				D9DDCB222B5F900100310FA7 /* Frameworks */,
				D9DDCB232B5F900100310FA7 /* Resources */,
			);
			buildRules = (
			);
			dependencies = (
				D9DDCB272B5F900100310FA7 /* PBXTargetDependency */,
			);
			name = UChatTests;
			productName = UChatTests;
			productReference = D9DDCB252B5F900100310FA7 /* UChatTests.xctest */;
			productType = "com.apple.product-type.bundle.unit-test";
		};
		D9DDCB2E2B5F900100310FA7 /* UChatUITests */ = {
			isa = PBXNativeTarget;
			buildConfigurationList = D9DDCB3F2B5F900100310FA7 /* Build configuration list for PBXNativeTarget "UChatUITests" */;
			buildPhases = (
				D9DDCB2B2B5F900100310FA7 /* Sources */,
				D9DDCB2C2B5F900100310FA7 /* Frameworks */,
				D9DDCB2D2B5F900100310FA7 /* Resources */,
			);
			buildRules = (
			);
			dependencies = (
				D9DDCB312B5F900100310FA7 /* PBXTargetDependency */,
			);
			name = UChatUITests;
			productName = UChatUITests;
			productReference = D9DDCB2F2B5F900100310FA7 /* UChatUITests.xctest */;
			productType = "com.apple.product-type.bundle.ui-testing";
		};
/* End PBXNativeTarget section */

/* Begin PBXProject section */
		D9DDCB0B2B5F8FFF00310FA7 /* Project object */ = {
			isa = PBXProject;
			attributes = {
				BuildIndependentTargetsInParallel = 1;
				LastSwiftUpdateCheck = 1520;
				LastUpgradeCheck = 1520;
				TargetAttributes = {
					D9DDCB122B5F8FFF00310FA7 = {
						CreatedOnToolsVersion = 15.2;
					};
					D9DDCB242B5F900100310FA7 = {
						CreatedOnToolsVersion = 15.2;
						TestTargetID = D9DDCB122B5F8FFF00310FA7;
					};
					D9DDCB2E2B5F900100310FA7 = {
						CreatedOnToolsVersion = 15.2;
						TestTargetID = D9DDCB122B5F8FFF00310FA7;
					};
				};
			};
			buildConfigurationList = D9DDCB0E2B5F8FFF00310FA7 /* Build configuration list for PBXProject "UChat" */;
			compatibilityVersion = "Xcode 14.0";
			developmentRegion = en;
			hasScannedForEncodings = 0;
			knownRegions = (
				en,
				Base,
			);
			mainGroup = D9DDCB0A2B5F8FFF00310FA7;
			productRefGroup = D9DDCB142B5F8FFF00310FA7 /* Products */;
			projectDirPath = "";
			projectRoot = "";
			targets = (
				D9DDCB122B5F8FFF00310FA7 /* UChat */,
				D9DDCB242B5F900100310FA7 /* UChatTests */,
				D9DDCB2E2B5F900100310FA7 /* UChatUITests */,
			);
		};
/* End PBXProject section */

/* Begin PBXResourcesBuildPhase section */
		D9DDCB112B5F8FFF00310FA7 /* Resources */ = {
			isa = PBXResourcesBuildPhase;
			buildActionMask = 2147483647;
			files = (
				D9DDCB202B5F900100310FA7 /* Preview Assets.xcassets in Resources */,
				D9DDCB1D2B5F900100310FA7 /* Assets.xcassets in Resources */,
			);
			runOnlyForDeploymentPostprocessing = 0;
		};
		D9DDCB232B5F900100310FA7 /* Resources */ = {
			isa = PBXResourcesBuildPhase;
			buildActionMask = 2147483647;
			files = (
			);
			runOnlyForDeploymentPostprocessing = 0;
		};
		D9DDCB2D2B5F900100310FA7 /* Resources */ = {
			isa = PBXResourcesBuildPhase;
			buildActionMask = 2147483647;
			files = (
			);
			runOnlyForDeploymentPostprocessing = 0;
		};
/* End PBXResourcesBuildPhase section */

/* Begin PBXSourcesBuildPhase section */
		D9DDCB0F2B5F8FFF00310FA7 /* Sources */ = {
			isa = PBXSourcesBuildPhase;
			buildActionMask = 2147483647;
			files = (
				D9BC93ED2B6170450083B930 /* model.swift in Sources */,
				D9BC93F02B6170930083B930 /* login.swift in Sources */,
				D95D712B2B6125A700E21283 /* LoginPage.swift in Sources */,
				D9DDCB192B5F8FFF00310FA7 /* ContentView.swift in Sources */,
				D9DDCB1B2B5F8FFF00310FA7 /* Item.swift in Sources */,
				D9DDCB172B5F8FFF00310FA7 /* UChatApp.swift in Sources */,
			);
			runOnlyForDeploymentPostprocessing = 0;
		};
		D9DDCB212B5F900100310FA7 /* Sources */ = {
			isa = PBXSourcesBuildPhase;
			buildActionMask = 2147483647;
			files = (
				D9DDCB2A2B5F900100310FA7 /* UChatTests.swift in Sources */,
			);
			runOnlyForDeploymentPostprocessing = 0;
		};
		D9DDCB2B2B5F900100310FA7 /* Sources */ = {
			isa = PBXSourcesBuildPhase;
			buildActionMask = 2147483647;
			files = (
				D9DDCB362B5F900100310FA7 /* UChatUITestsLaunchTests.swift in Sources */,
				D9DDCB342B5F900100310FA7 /* UChatUITests.swift in Sources */,
			);
			runOnlyForDeploymentPostprocessing = 0;
		};
/* End PBXSourcesBuildPhase section */

/* Begin PBXTargetDependency section */
		D9DDCB272B5F900100310FA7 /* PBXTargetDependency */ = {
			isa = PBXTargetDependency;
			target = D9DDCB122B5F8FFF00310FA7 /* UChat */;
			targetProxy = D9DDCB262B5F900100310FA7 /* PBXContainerItemProxy */;
		};
		D9DDCB312B5F900100310FA7 /* PBXTargetDependency */ = {
			isa = PBXTargetDependency;
			target = D9DDCB122B5F8FFF00310FA7 /* UChat */;
			targetProxy = D9DDCB302B5F900100310FA7 /* PBXContainerItemProxy */;
		};
/* End PBXTargetDependency section */

/* Begin XCBuildConfiguration section */
		D9DDCB372B5F900100310FA7 /* Debug */ = {
			isa = XCBuildConfiguration;
			buildSettings = {
				ALWAYS_SEARCH_USER_PATHS = NO;
				ASSETCATALOG_COMPILER_GENERATE_SWIFT_ASSET_SYMBOL_EXTENSIONS = YES;
				CLANG_ANALYZER_NONNULL = YES;
				CLANG_ANALYZER_NUMBER_OBJECT_CONVERSION = YES_AGGRESSIVE;
				CLANG_CXX_LANGUAGE_STANDARD = "gnu++20";
				CLANG_ENABLE_MODULES = YES;
				CLANG_ENABLE_OBJC_ARC = YES;
				CLANG_ENABLE_OBJC_WEAK = YES;
				CLANG_WARN_BLOCK_CAPTURE_AUTORELEASING = YES;
				CLANG_WARN_BOOL_CONVERSION = YES;
				CLANG_WARN_COMMA = YES;
				CLANG_WARN_CONSTANT_CONVERSION = YES;
				CLANG_WARN_DEPRECATED_OBJC_IMPLEMENTATIONS = YES;
				CLANG_WARN_DIRECT_OBJC_ISA_USAGE = YES_ERROR;
				CLANG_WARN_DOCUMENTATION_COMMENTS = YES;
				CLANG_WARN_EMPTY_BODY = YES;
				CLANG_WARN_ENUM_CONVERSION = YES;
				CLANG_WARN_INFINITE_RECURSION = YES;
				CLANG_WARN_INT_CONVERSION = YES;
				CLANG_WARN_NON_LITERAL_NULL_CONVERSION = YES;
				CLANG_WARN_OBJC_IMPLICIT_RETAIN_SELF = YES;
				CLANG_WARN_OBJC_LITERAL_CONVERSION = YES;
				CLANG_WARN_OBJC_ROOT_CLASS = YES_ERROR;
				CLANG_WARN_QUOTED_INCLUDE_IN_FRAMEWORK_HEADER = YES;
				CLANG_WARN_RANGE_LOOP_ANALYSIS = YES;
				CLANG_WARN_STRICT_PROTOTYPES = YES;
				CLANG_WARN_SUSPICIOUS_MOVE = YES;
				CLANG_WARN_UNGUARDED_AVAILABILITY = YES_AGGRESSIVE;
				CLANG_WARN_UNREACHABLE_CODE = YES;
				CLANG_WARN__DUPLICATE_METHOD_MATCH = YES;
				COPY_PHASE_STRIP = NO;
				DEBUG_INFORMATION_FORMAT = dwarf;
				ENABLE_STRICT_OBJC_MSGSEND = YES;
				ENABLE_TESTABILITY = YES;
				ENABLE_USER_SCRIPT_SANDBOXING = YES;
				GCC_C_LANGUAGE_STANDARD = gnu17;
				GCC_DYNAMIC_NO_PIC = NO;
				GCC_NO_COMMON_BLOCKS = YES;
				GCC_OPTIMIZATION_LEVEL = 0;
				GCC_PREPROCESSOR_DEFINITIONS = (
					"DEBUG=1",
					"$(inherited)",
				);
				GCC_WARN_64_TO_32_BIT_CONVERSION = YES;
				GCC_WARN_ABOUT_RETURN_TYPE = YES_ERROR;
				GCC_WARN_UNDECLARED_SELECTOR = YES;
				GCC_WARN_UNINITIALIZED_AUTOS = YES_AGGRESSIVE;
				GCC_WARN_UNUSED_FUNCTION = YES;
				GCC_WARN_UNUSED_VARIABLE = YES;
				IPHONEOS_DEPLOYMENT_TARGET = 17.2;
				LOCALIZATION_PREFERS_STRING_CATALOGS = YES;
				MTL_ENABLE_DEBUG_INFO = INCLUDE_SOURCE;
				MTL_FAST_MATH = YES;
				ONLY_ACTIVE_ARCH = YES;
				SDKROOT = iphoneos;
				SWIFT_ACTIVE_COMPILATION_CONDITIONS = "DEBUG $(inherited)";
				SWIFT_OPTIMIZATION_LEVEL = "-Onone";
			};
			name = Debug;
		};
		D9DDCB382B5F900100310FA7 /* Release */ = {
			isa = XCBuildConfiguration;
			buildSettings = {
				ALWAYS_SEARCH_USER_PATHS = NO;
				ASSETCATALOG_COMPILER_GENERATE_SWIFT_ASSET_SYMBOL_EXTENSIONS = YES;
				CLANG_ANALYZER_NONNULL = YES;
				CLANG_ANALYZER_NUMBER_OBJECT_CONVERSION = YES_AGGRESSIVE;
				CLANG_CXX_LANGUAGE_STANDARD = "gnu++20";
				CLANG_ENABLE_MODULES = YES;
				CLANG_ENABLE_OBJC_ARC = YES;
				CLANG_ENABLE_OBJC_WEAK = YES;
				CLANG_WARN_BLOCK_CAPTURE_AUTORELEASING = YES;
				CLANG_WARN_BOOL_CONVERSION = YES;
				CLANG_WARN_COMMA = YES;
				CLANG_WARN_CONSTANT_CONVERSION = YES;
				CLANG_WARN_DEPRECATED_OBJC_IMPLEMENTATIONS = YES;
				CLANG_WARN_DIRECT_OBJC_ISA_USAGE = YES_ERROR;
				CLANG_WARN_DOCUMENTATION_COMMENTS = YES;
				CLANG_WARN_EMPTY_BODY = YES;
				CLANG_WARN_ENUM_CONVERSION = YES;
				CLANG_WARN_INFINITE_RECURSION = YES;
				CLANG_WARN_INT_CONVERSION = YES;
				CLANG_WARN_NON_LITERAL_NULL_CONVERSION = YES;
				CLANG_WARN_OBJC_IMPLICIT_RETAIN_SELF = YES;
				CLANG_WARN_OBJC_LITERAL_CONVERSION = YES;
				CLANG_WARN_OBJC_ROOT_CLASS = YES_ERROR;
				CLANG_WARN_QUOTED_INCLUDE_IN_FRAMEWORK_HEADER = YES;
				CLANG_WARN_RANGE_LOOP_ANALYSIS = YES;
				CLANG_WARN_STRICT_PROTOTYPES = YES;
				CLANG_WARN_SUSPICIOUS_MOVE = YES;
				CLANG_WARN_UNGUARDED_AVAILABILITY = YES_AGGRESSIVE;
				CLANG_WARN_UNREACHABLE_CODE = YES;
				CLANG_WARN__DUPLICATE_METHOD_MATCH = YES;
				COPY_PHASE_STRIP = NO;
				DEBUG_INFORMATION_FORMAT = "dwarf-with-dsym";
				ENABLE_NS_ASSERTIONS = NO;
				ENABLE_STRICT_OBJC_MSGSEND = YES;
				ENABLE_USER_SCRIPT_SANDBOXING = YES;
				GCC_C_LANGUAGE_STANDARD = gnu17;
				GCC_NO_COMMON_BLOCKS = YES;
				GCC_WARN_64_TO_32_BIT_CONVERSION = YES;
				GCC_WARN_ABOUT_RETURN_TYPE = YES_ERROR;
				GCC_WARN_UNDECLARED_SELECTOR = YES;
				GCC_WARN_UNINITIALIZED_AUTOS = YES_AGGRESSIVE;
				GCC_WARN_UNUSED_FUNCTION = YES;
				GCC_WARN_UNUSED_VARIABLE = YES;
				IPHONEOS_DEPLOYMENT_TARGET = 17.2;
				LOCALIZATION_PREFERS_STRING_CATALOGS = YES;
				MTL_ENABLE_DEBUG_INFO = NO;
				MTL_FAST_MATH = YES;
				SDKROOT = iphoneos;
				SWIFT_COMPILATION_MODE = wholemodule;
				VALIDATE_PRODUCT = YES;
			};
			name = Release;
		};
		D9DDCB3A2B5F900100310FA7 /* Debug */ = {
			isa = XCBuildConfiguration;
			buildSettings = {
				ASSETCATALOG_COMPILER_APPICON_NAME = AppIcon;
				ASSETCATALOG_COMPILER_GLOBAL_ACCENT_COLOR_NAME = AccentColor;
				CODE_SIGN_STYLE = Automatic;
				CURRENT_PROJECT_VERSION = 1;
				DEVELOPMENT_ASSET_PATHS = "\"UChat/Preview Content\"";
				DEVELOPMENT_TEAM = UJGRUZFD8X;
				ENABLE_PREVIEWS = YES;
				GENERATE_INFOPLIST_FILE = YES;
				INFOPLIST_KEY_UIApplicationSceneManifest_Generation = YES;
				INFOPLIST_KEY_UIApplicationSupportsIndirectInputEvents = YES;
				INFOPLIST_KEY_UILaunchScreen_Generation = YES;
				INFOPLIST_KEY_UISupportedInterfaceOrientations_iPad = "UIInterfaceOrientationPortrait UIInterfaceOrientationPortraitUpsideDown UIInterfaceOrientationLandscapeLeft UIInterfaceOrientationLandscapeRight";
				INFOPLIST_KEY_UISupportedInterfaceOrientations_iPhone = "UIInterfaceOrientationPortrait UIInterfaceOrientationLandscapeLeft UIInterfaceOrientationLandscapeRight";
				LD_RUNPATH_SEARCH_PATHS = (
					"$(inherited)",
					"@executable_path/Frameworks",
				);
				MARKETING_VERSION = 1.0;
				PRODUCT_BUNDLE_IDENTIFIER = com.shensi.UChat;
				PRODUCT_NAME = "$(TARGET_NAME)";
				SWIFT_EMIT_LOC_STRINGS = YES;
				SWIFT_VERSION = 5.0;
				TARGETED_DEVICE_FAMILY = "1,2";
			};
			name = Debug;
		};
		D9DDCB3B2B5F900100310FA7 /* Release */ = {
			isa = XCBuildConfiguration;
			buildSettings = {
				ASSETCATALOG_COMPILER_APPICON_NAME = AppIcon;
				ASSETCATALOG_COMPILER_GLOBAL_ACCENT_COLOR_NAME = AccentColor;
				CODE_SIGN_STYLE = Automatic;
				CURRENT_PROJECT_VERSION = 1;
				DEVELOPMENT_ASSET_PATHS = "\"UChat/Preview Content\"";
				DEVELOPMENT_TEAM = UJGRUZFD8X;
				ENABLE_PREVIEWS = YES;
				GENERATE_INFOPLIST_FILE = YES;
				INFOPLIST_KEY_UIApplicationSceneManifest_Generation = YES;
				INFOPLIST_KEY_UIApplicationSupportsIndirectInputEvents = YES;
				INFOPLIST_KEY_UILaunchScreen_Generation = YES;
				INFOPLIST_KEY_UISupportedInterfaceOrientations_iPad = "UIInterfaceOrientationPortrait UIInterfaceOrientationPortraitUpsideDown UIInterfaceOrientationLandscapeLeft UIInterfaceOrientationLandscapeRight";
				INFOPLIST_KEY_UISupportedInterfaceOrientations_iPhone = "UIInterfaceOrientationPortrait UIInterfaceOrientationLandscapeLeft UIInterfaceOrientationLandscapeRight";
				LD_RUNPATH_SEARCH_PATHS = (
					"$(inherited)",
					"@executable_path/Frameworks",
				);
				MARKETING_VERSION = 1.0;
				PRODUCT_BUNDLE_IDENTIFIER = com.shensi.UChat;
				PRODUCT_NAME = "$(TARGET_NAME)";
				SWIFT_EMIT_LOC_STRINGS = YES;
				SWIFT_VERSION = 5.0;
				TARGETED_DEVICE_FAMILY = "1,2";
			};
			name = Release;
		};
		D9DDCB3D2B5F900100310FA7 /* Debug */ = {
			isa = XCBuildConfiguration;
			buildSettings = {
				ALWAYS_EMBED_SWIFT_STANDARD_LIBRARIES = YES;
				BUNDLE_LOADER = "$(TEST_HOST)";
				CODE_SIGN_STYLE = Automatic;
				CURRENT_PROJECT_VERSION = 1;
				DEVELOPMENT_TEAM = UJGRUZFD8X;
				GENERATE_INFOPLIST_FILE = YES;
				IPHONEOS_DEPLOYMENT_TARGET = 17.2;
				MARKETING_VERSION = 1.0;
				PRODUCT_BUNDLE_IDENTIFIER = com.shensi.UChatTests;
				PRODUCT_NAME = "$(TARGET_NAME)";
				SWIFT_EMIT_LOC_STRINGS = NO;
				SWIFT_VERSION = 5.0;
				TARGETED_DEVICE_FAMILY = "1,2";
				TEST_HOST = "$(BUILT_PRODUCTS_DIR)/UChat.app/$(BUNDLE_EXECUTABLE_FOLDER_PATH)/UChat";
			};
			name = Debug;
		};
		D9DDCB3E2B5F900100310FA7 /* Release */ = {
			isa = XCBuildConfiguration;
			buildSettings = {
				ALWAYS_EMBED_SWIFT_STANDARD_LIBRARIES = YES;
				BUNDLE_LOADER = "$(TEST_HOST)";
				CODE_SIGN_STYLE = Automatic;
				CURRENT_PROJECT_VERSION = 1;
				DEVELOPMENT_TEAM = UJGRUZFD8X;
				GENERATE_INFOPLIST_FILE = YES;
				IPHONEOS_DEPLOYMENT_TARGET = 17.2;
				MARKETING_VERSION = 1.0;
				PRODUCT_BUNDLE_IDENTIFIER = com.shensi.UChatTests;
				PRODUCT_NAME = "$(TARGET_NAME)";
				SWIFT_EMIT_LOC_STRINGS = NO;
				SWIFT_VERSION = 5.0;
				TARGETED_DEVICE_FAMILY = "1,2";
				TEST_HOST = "$(BUILT_PRODUCTS_DIR)/UChat.app/$(BUNDLE_EXECUTABLE_FOLDER_PATH)/UChat";
			};
			name = Release;
		};
		D9DDCB402B5F900100310FA7 /* Debug */ = {
			isa = XCBuildConfiguration;
			buildSettings = {
				ALWAYS_EMBED_SWIFT_STANDARD_LIBRARIES = YES;
				CODE_SIGN_STYLE = Automatic;
				CURRENT_PROJECT_VERSION = 1;
				DEVELOPMENT_TEAM = UJGRUZFD8X;
				GENERATE_INFOPLIST_FILE = YES;
				MARKETING_VERSION = 1.0;
				PRODUCT_BUNDLE_IDENTIFIER = com.shensi.UChatUITests;
				PRODUCT_NAME = "$(TARGET_NAME)";
				SWIFT_EMIT_LOC_STRINGS = NO;
				SWIFT_VERSION = 5.0;
				TARGETED_DEVICE_FAMILY = "1,2";
				TEST_TARGET_NAME = UChat;
			};
			name = Debug;
		};
		D9DDCB412B5F900100310FA7 /* Release */ = {
			isa = XCBuildConfiguration;
			buildSettings = {
				ALWAYS_EMBED_SWIFT_STANDARD_LIBRARIES = YES;
				CODE_SIGN_STYLE = Automatic;
				CURRENT_PROJECT_VERSION = 1;
				DEVELOPMENT_TEAM = UJGRUZFD8X;
				GENERATE_INFOPLIST_FILE = YES;
				MARKETING_VERSION = 1.0;
				PRODUCT_BUNDLE_IDENTIFIER = com.shensi.UChatUITests;
				PRODUCT_NAME = "$(TARGET_NAME)";
				SWIFT_EMIT_LOC_STRINGS = NO;
				SWIFT_VERSION = 5.0;
				TARGETED_DEVICE_FAMILY = "1,2";
				TEST_TARGET_NAME = UChat;
			};
			name = Release;
		};
/* End XCBuildConfiguration section */

/* Begin XCConfigurationList section */
		D9DDCB0E2B5F8FFF00310FA7 /* Build configuration list for PBXProject "UChat" */ = {
			isa = XCConfigurationList;
			buildConfigurations = (
				D9DDCB372B5F900100310FA7 /* Debug */,
				D9DDCB382B5F900100310FA7 /* Release */,
			);
			defaultConfigurationIsVisible = 0;
			defaultConfigurationName = Release;
		};
		D9DDCB392B5F900100310FA7 /* Build configuration list for PBXNativeTarget "UChat" */ = {
			isa = XCConfigurationList;
			buildConfigurations = (
				D9DDCB3A2B5F900100310FA7 /* Debug */,
				D9DDCB3B2B5F900100310FA7 /* Release */,
			);
			defaultConfigurationIsVisible = 0;
			defaultConfigurationName = Release;
		};
		D9DDCB3C2B5F900100310FA7 /* Build configuration list for PBXNativeTarget "UChatTests" */ = {
			isa = XCConfigurationList;
			buildConfigurations = (
				D9DDCB3D2B5F900100310FA7 /* Debug */,
				D9DDCB3E2B5F900100310FA7 /* Release */,
			);
			defaultConfigurationIsVisible = 0;
			defaultConfigurationName = Release;
		};
		D9DDCB3F2B5F900100310FA7 /* Build configuration list for PBXNativeTarget "UChatUITests" */ = {
			isa = XCConfigurationList;
			buildConfigurations = (
				D9DDCB402B5F900100310FA7 /* Debug */,
				D9DDCB412B5F900100310FA7 /* Release */,
			);
			defaultConfigurationIsVisible = 0;
			defaultConfigurationName = Release;
		};
/* End XCConfigurationList section */
	};
	rootObject = D9DDCB0B2B5F8FFF00310FA7 /* Project object */;
}
